<?xml version="1.0" encoding="utf-8"?>
<Project ToolsVersion="4.0" xmlns="http://schemas.microsoft.com/developer/msbuild/2003">
  <ItemGroup>
    <Filter Include="nvse">
      <UniqueIdentifier>{92a4f350-f2ec-4fca-bdd3-927732d91b34}</UniqueIdentifier>
    </Filter>
    <Filter Include="internal">
      <UniqueIdentifier>{97bd151b-5034-401b-8670-08f3c99fee21}</UniqueIdentifier>
    </Filter>
    <Filter Include="internal\Game">
      <UniqueIdentifier>{c220bb6c-be1f-43ef-aee0-f3f44a34893b}</UniqueIdentifier>
    </Filter>
    <Filter Include="internal\Game\Bethesda">
      <UniqueIdentifier>{806ef1b6-f4b4-4de9-a00a-e0c9c860692d}</UniqueIdentifier>
    </Filter>
    <Filter Include="shared">
      <UniqueIdentifier>{9acb5579-8300-4a9f-96df-bc16e2d34124}</UniqueIdentifier>
    </Filter>
    <Filter Include="shared\SafeWrite">
      <UniqueIdentifier>{71bbf5b8-d3ff-4ec8-91f6-2c6567970664}</UniqueIdentifier>
    </Filter>
  </ItemGroup>
  <ItemGroup>
    <ClCompile Include="main.cpp" />
    <ClCompile Include="..\shared\SafeWrite\SafeWrite.cpp">
      <Filter>shared\SafeWrite</Filter>
    </ClCompile>
    <ClCompile Include="internal\Game\Bethesda\TESSound.cpp">
      <Filter>internal\Game\Bethesda</Filter>
    </ClCompile>
    <ClCompile Include="internal\Game\Bethesda\INISettingCollection.cpp">
      <Filter>internal\Game\Bethesda</Filter>
    </ClCompile>
    <ClCompile Include="internal\Game\Bethesda\BSMemory.cpp">
      <Filter>internal\Game\Bethesda</Filter>
    </ClCompile>
    <ClCompile Include="internal\Game\Bethesda\TESSoundFile.cpp">
      <Filter>internal\Game\Bethesda</Filter>
    </ClCompile>
    <ClCompile Include="internal\Game\Bethesda\BGSAcousticSpace.cpp">
      <Filter>internal\Game\Bethesda</Filter>
    </ClCompile>
    <ClCompile Include="internal\Game\Bethesda\BSSoundHandle.cpp">
      <Filter>internal\Game\Bethesda</Filter>
    </ClCompile>
    <ClCompile Include="internal\Game\Bethesda\BSWin32Audio.cpp">
      <Filter>internal\Game\Bethesda</Filter>
    </ClCompile>
    <ClCompile Include="internal\Game\Bethesda\TESWeather.cpp">
      <Filter>internal\Game\Bethesda</Filter>
    </ClCompile>
    <ClCompile Include="internal\Game\Bethesda\TES.cpp">
      <Filter>internal\Game\Bethesda</Filter>
    </ClCompile>
    <ClCompile Include="internal\Game\Bethesda\TESObjectCELL.cpp">
      <Filter>internal\Game\Bethesda</Filter>
    </ClCompile>
    <ClCompile Include="internal\Game\Bethesda\BSRandom.cpp">
      <Filter>internal\Game\Bethesda</Filter>
    </ClCompile>
    <ClCompile Include="internal\Game\Bethesda\TESRegionDataList.cpp">
      <Filter>internal\Game\Bethesda</Filter>
    </ClCompile>
    <ClCompile Include="internal\Game\Bethesda\TESObjectREFR.cpp">
      <Filter>internal\Game\Bethesda</Filter>
    </ClCompile>
    <ClCompile Include="internal\Game\Bethesda\Interface.cpp">
      <Filter>internal\Game\Bethesda</Filter>
    </ClCompile>
    <ClCompile Include="internal\Game\Bethesda\BSAudioManager.cpp">
      <Filter>internal\Game\Bethesda</Filter>
    </ClCompile>
    <ClCompile Include="internal\Game\Bethesda\PlayerCharacter.cpp">
      <Filter>internal\Game\Bethesda</Filter>
    </ClCompile>
  </ItemGroup>
  <ItemGroup>
    <ClInclude Include="..\shared\Defines.hpp">
      <Filter>shared</Filter>
    </ClInclude>
    <ClInclude Include="..\shared\SafeWrite\SafeWrite.hpp">
      <Filter>shared\SafeWrite</Filter>
    </ClInclude>
    <ClInclude Include="internal\Game\Bethesda\TESSound.hpp">
      <Filter>internal\Game\Bethesda</Filter>
    </ClInclude>
    <ClInclude Include="internal\Game\Bethesda\INISettingCollection.hpp">
      <Filter>internal\Game\Bethesda</Filter>
    </ClInclude>
    <ClInclude Include="internal\Game\Bethesda\BSMemory.hpp">
      <Filter>internal\Game\Bethesda</Filter>
    </ClInclude>
    <ClInclude Include="internal\Game\Bethesda\TESSoundFile.hpp">
      <Filter>internal\Game\Bethesda</Filter>
    </ClInclude>
    <ClInclude Include="internal\Game\Bethesda\TESObjectCELL.hpp">
      <Filter>internal\Game\Bethesda</Filter>
    </ClInclude>
    <ClInclude Include="internal\Game\Bethesda\BGSAcousticSpace.hpp">
      <Filter>internal\Game\Bethesda</Filter>
    </ClInclude>
    <ClInclude Include="internal\Game\Bethesda\BSSoundHandle.hpp">
      <Filter>internal\Game\Bethesda</Filter>
    </ClInclude>
    <ClInclude Include="internal\Game\Bethesda\BSWin32Audio.hpp">
      <Filter>internal\Game\Bethesda</Filter>
    </ClInclude>
    <ClInclude Include="internal\Game\Bethesda\TESWeather.hpp">
      <Filter>internal\Game\Bethesda</Filter>
    </ClInclude>
    <ClInclude Include="internal\Game\Bethesda\TES.hpp">
      <Filter>internal\Game\Bethesda</Filter>
    </ClInclude>
    <ClInclude Include="internal\Game\Bethesda\BSRandom.hpp">
      <Filter>internal\Game\Bethesda</Filter>
    </ClInclude>
    <ClInclude Include="internal\Game\Bethesda\TESRegionDataList.hpp">
      <Filter>internal\Game\Bethesda</Filter>
    </ClInclude>
    <ClInclude Include="internal\Game\Bethesda\TESObjectREFR.hpp">
      <Filter>internal\Game\Bethesda</Filter>
    </ClInclude>
    <ClInclude Include="internal\Game\Bethesda\Interface.hpp">
      <Filter>internal\Game\Bethesda</Filter>
    </ClInclude>
    <ClInclude Include="internal\Game\Bethesda\BSAudioManager.hpp">
      <Filter>internal\Game\Bethesda</Filter>
    </ClInclude>
    <ClInclude Include="internal\Game\Bethesda\PlayerCharacter.hpp">
      <Filter>internal\Game\Bethesda</Filter>
    </ClInclude>
    <ClInclude Include="..\nvse\nvse\nvse_version.h">
      <Filter>nvse</Filter>
    </ClInclude>
    <ClInclude Include="..\nvse\nvse\PluginAPI.h">
      <Filter>nvse</Filter>
    </ClInclude>
  </ItemGroup>
</Project>